// !$*UTF8*$!
{
	archiveVersion = 1;
	classes = {
	};
	objectVersion = 46;
	objects = {

/* Begin PBXBuildFile section */
		16E54EDC1DAEBB8700B52CD5 /* AppDelegate.swift in Sources */ = {isa = PBXBuildFile; fileRef = 16E54EDB1DAEBB8700B52CD5 /* AppDelegate.swift */; };
		16E54EDE1DAEBB8700B52CD5 /* ViewController.swift in Sources */ = {isa = PBXBuildFile; fileRef = 16E54EDD1DAEBB8700B52CD5 /* ViewController.swift */; };
		16E54EE11DAEBB8700B52CD5 /* Main.storyboard in Resources */ = {isa = PBXBuildFile; fileRef = 16E54EDF1DAEBB8700B52CD5 /* Main.storyboard */; };
		16E54EE31DAEBB8700B52CD5 /* Assets.xcassets in Resources */ = {isa = PBXBuildFile; fileRef = 16E54EE21DAEBB8700B52CD5 /* Assets.xcassets */; };
		16E54EE61DAEBB8700B52CD5 /* LaunchScreen.storyboard in Resources */ = {isa = PBXBuildFile; fileRef = 16E54EE41DAEBB8700B52CD5 /* LaunchScreen.storyboard */; };
		16E54EF11DAEBB8700B52CD5 /* Stars_RatingTests.swift in Sources */ = {isa = PBXBuildFile; fileRef = 16E54EF01DAEBB8700B52CD5 /* Stars_RatingTests.swift */; };
		16E54EFC1DAEBD5200B52CD5 /* RatingsView.swift in Sources */ = {isa = PBXBuildFile; fileRef = 16E54EFB1DAEBD5200B52CD5 /* RatingsView.swift */; };
		16E54EFE1DAEBD6600B52CD5 /* StarsView.swift in Sources */ = {isa = PBXBuildFile; fileRef = 16E54EFD1DAEBD6600B52CD5 /* StarsView.swift */; };
/* End PBXBuildFile section */

/* Begin PBXContainerItemProxy section */
		16E54EED1DAEBB8700B52CD5 /* PBXContainerItemProxy */ = {
			isa = PBXContainerItemProxy;
			containerPortal = 16E54ED01DAEBB8600B52CD5 /* Project object */;
			proxyType = 1;
			remoteGlobalIDString = 16E54ED71DAEBB8600B52CD5;
			remoteInfo = "Stars-Rating";
		};
/* End PBXContainerItemProxy section */

/* Begin PBXFileReference section */
		16E54ED81DAEBB8700B52CD5 /* Stars-Rating.app */ = {isa = PBXFileReference; explicitFileType = wrapper.application; includeInIndex = 0; path = "Stars-Rating.app"; sourceTree = BUILT_PRODUCTS_DIR; };
		16E54EDB1DAEBB8700B52CD5 /* AppDelegate.swift */ = {isa = PBXFileReference; lastKnownFileType = sourcecode.swift; path = AppDelegate.swift; sourceTree = "<group>"; };
		16E54EDD1DAEBB8700B52CD5 /* ViewController.swift */ = {isa = PBXFileReference; lastKnownFileType = sourcecode.swift; path = ViewController.swift; sourceTree = "<group>"; };
		16E54EE01DAEBB8700B52CD5 /* Base */ = {isa = PBXFileReference; lastKnownFileType = file.storyboard; name = Base; path = Base.lproj/Main.storyboard; sourceTree = "<group>"; };
		16E54EE21DAEBB8700B52CD5 /* Assets.xcassets */ = {isa = PBXFileReference; lastKnownFileType = folder.assetcatalog; path = Assets.xcassets; sourceTree = "<group>"; };
		16E54EE51DAEBB8700B52CD5 /* Base */ = {isa = PBXFileReference; lastKnownFileType = file.storyboard; name = Base; path = Base.lproj/LaunchScreen.storyboard; sourceTree = "<group>"; };
		16E54EE71DAEBB8700B52CD5 /* Info.plist */ = {isa = PBXFileReference; lastKnownFileType = text.plist.xml; path = Info.plist; sourceTree = "<group>"; };
		16E54EEC1DAEBB8700B52CD5 /* Stars-RatingTests.xctest */ = {isa = PBXFileReference; explicitFileType = wrapper.cfbundle; includeInIndex = 0; path = "Stars-RatingTests.xctest"; sourceTree = BUILT_PRODUCTS_DIR; };
		16E54EF01DAEBB8700B52CD5 /* Stars_RatingTests.swift */ = {isa = PBXFileReference; lastKnownFileType = sourcecode.swift; path = Stars_RatingTests.swift; sourceTree = "<group>"; };
		16E54EF21DAEBB8700B52CD5 /* Info.plist */ = {isa = PBXFileReference; lastKnownFileType = text.plist.xml; path = Info.plist; sourceTree = "<group>"; };
		16E54EFB1DAEBD5200B52CD5 /* RatingsView.swift */ = {isa = PBXFileReference; fileEncoding = 4; lastKnownFileType = sourcecode.swift; path = RatingsView.swift; sourceTree = "<group>"; };
		16E54EFD1DAEBD6600B52CD5 /* StarsView.swift */ = {isa = PBXFileReference; fileEncoding = 4; lastKnownFileType = sourcecode.swift; path = StarsView.swift; sourceTree = "<group>"; };
/* End PBXFileReference section */

/* Begin PBXFrameworksBuildPhase section */
		16E54ED51DAEBB8600B52CD5 /* Frameworks */ = {
			isa = PBXFrameworksBuildPhase;
			buildActionMask = 2147483647;
			files = (
			);
			runOnlyForDeploymentPostprocessing = 0;
		};
		16E54EE91DAEBB8700B52CD5 /* Frameworks */ = {
			isa = PBXFrameworksBuildPhase;
			buildActionMask = 2147483647;
			files = (
			);
			runOnlyForDeploymentPostprocessing = 0;
		};
/* End PBXFrameworksBuildPhase section */

/* Begin PBXGroup section */
		16E54ECF1DAEBB8600B52CD5 = {
			isa = PBXGroup;
			children = (
				16E54EDA1DAEBB8700B52CD5 /* Stars-Rating */,
				16E54EEF1DAEBB8700B52CD5 /* Stars-RatingTests */,
				16E54ED91DAEBB8700B52CD5 /* Products */,
			);
			sourceTree = "<group>";
		};
		16E54ED91DAEBB8700B52CD5 /* Products */ = {
			isa = PBXGroup;
			children = (
				16E54ED81DAEBB8700B52CD5 /* Stars-Rating.app */,
				16E54EEC1DAEBB8700B52CD5 /* Stars-RatingTests.xctest */,
			);
			name = Products;
			sourceTree = "<group>";
		};
		16E54EDA1DAEBB8700B52CD5 /* Stars-Rating */ = {
			isa = PBXGroup;
			children = (
				16E54EDB1DAEBB8700B52CD5 /* AppDelegate.swift */,
				16E54EDD1DAEBB8700B52CD5 /* ViewController.swift */,
				16E54EFB1DAEBD5200B52CD5 /* RatingsView.swift */,
				16E54EFD1DAEBD6600B52CD5 /* StarsView.swift */,
				16E54EDF1DAEBB8700B52CD5 /* Main.storyboard */,
				16E54EE21DAEBB8700B52CD5 /* Assets.xcassets */,
				16E54EE41DAEBB8700B52CD5 /* LaunchScreen.storyboard */,
				16E54EE71DAEBB8700B52CD5 /* Info.plist */,
			);
			path = "Stars-Rating";
			sourceTree = "<group>";
		};
		16E54EEF1DAEBB8700B52CD5 /* Stars-RatingTests */ = {
			isa = PBXGroup;
			children = (
				16E54EF01DAEBB8700B52CD5 /* Stars_RatingTests.swift */,
				16E54EF21DAEBB8700B52CD5 /* Info.plist */,
			);
			path = "Stars-RatingTests";
			sourceTree = "<group>";
		};
/* End PBXGroup section */

/* Begin PBXNativeTarget section */
		16E54ED71DAEBB8600B52CD5 /* Stars-Rating */ = {
			isa = PBXNativeTarget;
			buildConfigurationList = 16E54EF51DAEBB8700B52CD5 /* Build configuration list for PBXNativeTarget "Stars-Rating" */;
			buildPhases = (
				16E54ED41DAEBB8600B52CD5 /* Sources */,
				16E54ED51DAEBB8600B52CD5 /* Frameworks */,
				16E54ED61DAEBB8600B52CD5 /* Resources */,
			);
			buildRules = (
			);
			dependencies = (
			);
			name = "Stars-Rating";
			productName = "Stars-Rating";
			productReference = 16E54ED81DAEBB8700B52CD5 /* Stars-Rating.app */;
			productType = "com.apple.product-type.application";
		};
		16E54EEB1DAEBB8700B52CD5 /* Stars-RatingTests */ = {
			isa = PBXNativeTarget;
			buildConfigurationList = 16E54EF81DAEBB8700B52CD5 /* Build configuration list for PBXNativeTarget "Stars-RatingTests" */;
			buildPhases = (
				16E54EE81DAEBB8700B52CD5 /* Sources */,
				16E54EE91DAEBB8700B52CD5 /* Frameworks */,
				16E54EEA1DAEBB8700B52CD5 /* Resources */,
			);
			buildRules = (
			);
			dependencies = (
				16E54EEE1DAEBB8700B52CD5 /* PBXTargetDependency */,
			);
			name = "Stars-RatingTests";
			productName = "Stars-RatingTests";
			productReference = 16E54EEC1DAEBB8700B52CD5 /* Stars-RatingTests.xctest */;
			productType = "com.apple.product-type.bundle.unit-test";
		};
/* End PBXNativeTarget section */

/* Begin PBXProject section */
		16E54ED01DAEBB8600B52CD5 /* Project object */ = {
			isa = PBXProject;
			attributes = {
				LastSwiftUpdateCheck = 0800;
				LastUpgradeCheck = 0800;
				ORGANIZATIONNAME = "Maribel Montejano";
				TargetAttributes = {
					16E54ED71DAEBB8600B52CD5 = {
						CreatedOnToolsVersion = 8.0;
						DevelopmentTeam = UGH37EQ5FB;
						ProvisioningStyle = Automatic;
					};
					16E54EEB1DAEBB8700B52CD5 = {
						CreatedOnToolsVersion = 8.0;
						DevelopmentTeam = UGH37EQ5FB;
						ProvisioningStyle = Automatic;
						TestTargetID = 16E54ED71DAEBB8600B52CD5;
					};
				};
			};
			buildConfigurationList = 16E54ED31DAEBB8600B52CD5 /* Build configuration list for PBXProject "Stars-Rating" */;
			compatibilityVersion = "Xcode 3.2";
			developmentRegion = English;
			hasScannedForEncodings = 0;
			knownRegions = (
				en,
				Base,
			);
			mainGroup = 16E54ECF1DAEBB8600B52CD5;
			productRefGroup = 16E54ED91DAEBB8700B52CD5 /* Products */;
			projectDirPath = "";
			projectRoot = "";
			targets = (
				16E54ED71DAEBB8600B52CD5 /* Stars-Rating */,
				16E54EEB1DAEBB8700B52CD5 /* Stars-RatingTests */,
			);
		};
/* End PBXProject section */

/* Begin PBXResourcesBuildPhase section */
		16E54ED61DAEBB8600B52CD5 /* Resources */ = {
			isa = PBXResourcesBuildPhase;
			buildActionMask = 2147483647;
			files = (
				16E54EE61DAEBB8700B52CD5 /* LaunchScreen.storyboard in Resources */,
				16E54EE31DAEBB8700B52CD5 /* Assets.xcassets in Resources */,
				16E54EE11DAEBB8700B52CD5 /* Main.storyboard in Resources */,
			);
			runOnlyForDeploymentPostprocessing = 0;
		};
		16E54EEA1DAEBB8700B52CD5 /* Resources */ = {
			isa = PBXResourcesBuildPhase;
			buildActionMask = 2147483647;
			files = (
			);
			runOnlyForDeploymentPostprocessing = 0;
		};
/* End PBXResourcesBuildPhase section */

/* Begin PBXSourcesBuildPhase section */
		16E54ED41DAEBB8600B52CD5 /* Sources */ = {
			isa = PBXSourcesBuildPhase;
			buildActionMask = 2147483647;
			files = (
				16E54EDE1DAEBB8700B52CD5 /* ViewController.swift in Sources */,
				16E54EFC1DAEBD5200B52CD5 /* RatingsView.swift in Sources */,
				16E54EFE1DAEBD6600B52CD5 /* StarsView.swift in Sources */,
				16E54EDC1DAEBB8700B52CD5 /* AppDelegate.swift in Sources */,
			);
			runOnlyForDeploymentPostprocessing = 0;
		};
		16E54EE81DAEBB8700B52CD5 /* Sources */ = {
			isa = PBXSourcesBuildPhase;
			buildActionMask = 2147483647;
			files = (
				16E54EF11DAEBB8700B52CD5 /* Stars_RatingTests.swift in Sources */,
			);
			runOnlyForDeploymentPostprocessing = 0;
		};
/* End PBXSourcesBuildPhase section */

/* Begin PBXTargetDependency section */
		16E54EEE1DAEBB8700B52CD5 /* PBXTargetDependency */ = {
			isa = PBXTargetDependency;
			target = 16E54ED71DAEBB8600B52CD5 /* Stars-Rating */;
			targetProxy = 16E54EED1DAEBB8700B52CD5 /* PBXContainerItemProxy */;
		};
/* End PBXTargetDependency section */

/* Begin PBXVariantGroup section */
		16E54EDF1DAEBB8700B52CD5 /* Main.storyboard */ = {
			isa = PBXVariantGroup;
			children = (
				16E54EE01DAEBB8700B52CD5 /* Base */,
			);
			name = Main.storyboard;
			sourceTree = "<group>";
		};
		16E54EE41DAEBB8700B52CD5 /* LaunchScreen.storyboard */ = {
			isa = PBXVariantGroup;
			children = (
				16E54EE51DAEBB8700B52CD5 /* Base */,
			);
			name = LaunchScreen.storyboard;
			sourceTree = "<group>";
		};
/* End PBXVariantGroup section */

/* Begin XCBuildConfiguration section */
		16E54EF31DAEBB8700B52CD5 /* Debug */ = {
			isa = XCBuildConfiguration;
			buildSettings = {
				ALWAYS_SEARCH_USER_PATHS = NO;
				CLANG_ANALYZER_NONNULL = YES;
				CLANG_CXX_LANGUAGE_STANDARD = "gnu++0x";
				CLANG_CXX_LIBRARY = "libc++";
				CLANG_ENABLE_MODULES = YES;
				CLANG_ENABLE_OBJC_ARC = YES;
				CLANG_WARN_BOOL_CONVERSION = YES;
				CLANG_WARN_CONSTANT_CONVERSION = YES;
				CLANG_WARN_DIRECT_OBJC_ISA_USAGE = YES_ERROR;
				CLANG_WARN_DOCUMENTATION_COMMENTS = YES;
				CLANG_WARN_EMPTY_BODY = YES;
				CLANG_WARN_ENUM_CONVERSION = YES;
				CLANG_WARN_INFINITE_RECURSION = YES;
				CLANG_WARN_INT_CONVERSION = YES;
				CLANG_WARN_OBJC_ROOT_CLASS = YES_ERROR;
				CLANG_WARN_SUSPICIOUS_MOVES = YES;
				CLANG_WARN_UNREACHABLE_CODE = YES;
				CLANG_WARN__DUPLICATE_METHOD_MATCH = YES;
				"CODE_SIGN_IDENTITY[sdk=iphoneos*]" = "iPhone Developer";
				COPY_PHASE_STRIP = NO;
				DEBUG_INFORMATION_FORMAT = dwarf;
				ENABLE_STRICT_OBJC_MSGSEND = YES;
				ENABLE_TESTABILITY = YES;
				GCC_C_LANGUAGE_STANDARD = gnu99;
				GCC_DYNAMIC_NO_PIC = NO;
				GCC_NO_COMMON_BLOCKS = YES;
				GCC_OPTIMIZATION_LEVEL = 0;
				GCC_PREPROCESSOR_DEFINITIONS = (
					"DEBUG=1",
					"$(inherited)",
				);
				GCC_WARN_64_TO_32_BIT_CONVERSION = YES;
				GCC_WARN_ABOUT_RETURN_TYPE = YES_ERROR;
				GCC_WARN_UNDECLARED_SELECTOR = YES;
				GCC_WARN_UNINITIALIZED_AUTOS = YES_AGGRESSIVE;
				GCC_WARN_UNUSED_FUNCTION = YES;
				GCC_WARN_UNUSED_VARIABLE = YES;
				IPHONEOS_DEPLOYMENT_TARGET = 10.0;
				MTL_ENABLE_DEBUG_INFO = YES;
				ONLY_ACTIVE_ARCH = YES;
				SDKROOT = iphoneos;
				SWIFT_ACTIVE_COMPILATION_CONDITIONS = DEBUG;
				SWIFT_OPTIMIZATION_LEVEL = "-Onone";
				TARGETED_DEVICE_FAMILY = "1,2";
			};
			name = Debug;
		};
		16E54EF41DAEBB8700B52CD5 /* Release */ = {
			isa = XCBuildConfiguration;
			buildSettings = {
				ALWAYS_SEARCH_USER_PATHS = NO;
				CLANG_ANALYZER_NONNULL = YES;
				CLANG_CXX_LANGUAGE_STANDARD = "gnu++0x";
				CLANG_CXX_LIBRARY = "libc++";
				CLANG_ENABLE_MODULES = YES;
				CLANG_ENABLE_OBJC_ARC = YES;
				CLANG_WARN_BOOL_CONVERSION = YES;
				CLANG_WARN_CONSTANT_CONVERSION = YES;
				CLANG_WARN_DIRECT_OBJC_ISA_USAGE = YES_ERROR;
				CLANG_WARN_DOCUMENTATION_COMMENTS = YES;
				CLANG_WARN_EMPTY_BODY = YES;
				CLANG_WARN_ENUM_CONVERSION = YES;
				CLANG_WARN_INFINITE_RECURSION = YES;
				CLANG_WARN_INT_CONVERSION = YES;
				CLANG_WARN_OBJC_ROOT_CLASS = YES_ERROR;
				CLANG_WARN_SUSPICIOUS_MOVES = YES;
				CLANG_WARN_UNREACHABLE_CODE = YES;
				CLANG_WARN__DUPLICATE_METHOD_MATCH = YES;
				"CODE_SIGN_IDENTITY[sdk=iphoneos*]" = "iPhone Developer";
				COPY_PHASE_STRIP = NO;
				DEBUG_INFORMATION_FORMAT = "dwarf-with-dsym";
				ENABLE_NS_ASSERTIONS = NO;
				ENABLE_STRICT_OBJC_MSGSEND = YES;
				GCC_C_LANGUAGE_STANDARD = gnu99;
				GCC_NO_COMMON_BLOCKS = YES;
				GCC_WARN_64_TO_32_BIT_CONVERSION = YES;
				GCC_WARN_ABOUT_RETURN_TYPE = YES_ERROR;
				GCC_WARN_UNDECLARED_SELECTOR = YES;
				GCC_WARN_UNINITIALIZED_AUTOS = YES_AGGRESSIVE;
				GCC_WARN_UNUSED_FUNCTION = YES;
				GCC_WARN_UNUSED_VARIABLE = YES;
				IPHONEOS_DEPLOYMENT_TARGET = 10.0;
				MTL_ENABLE_DEBUG_INFO = NO;
				SDKROOT = iphoneos;
				SWIFT_OPTIMIZATION_LEVEL = "-Owholemodule";
				TARGETED_DEVICE_FAMILY = "1,2";
				VALIDATE_PRODUCT = YES;
			};
			name = Release;
		};
		16E54EF61DAEBB8700B52CD5 /* Debug */ = {
			isa = XCBuildConfiguration;
			buildSettings = {
				ASSETCATALOG_COMPILER_APPICON_NAME = AppIcon;
				DEVELOPMENT_TEAM = UGH37EQ5FB;
				INFOPLIST_FILE = "Stars-Rating/Info.plist";
				LD_RUNPATH_SEARCH_PATHS = "$(inherited) @executable_path/Frameworks";
				PRODUCT_BUNDLE_IDENTIFIER = "com.maribelmontejano.Stars-Rating";
				PRODUCT_NAME = "$(TARGET_NAME)";
				SWIFT_VERSION = 3.0;
			};
			name = Debug;
		};
		16E54EF71DAEBB8700B52CD5 /* Release */ = {
			isa = XCBuildConfiguration;
			buildSettings = {
				ASSETCATALOG_COMPILER_APPICON_NAME = AppIcon;
				DEVELOPMENT_TEAM = UGH37EQ5FB;
				INFOPLIST_FILE = "Stars-Rating/Info.plist";
				LD_RUNPATH_SEARCH_PATHS = "$(inherited) @executable_path/Frameworks";
				PRODUCT_BUNDLE_IDENTIFIER = "com.maribelmontejano.Stars-Rating";
				PRODUCT_NAME = "$(TARGET_NAME)";
				SWIFT_VERSION = 3.0;
			};
			name = Release;
		};
		16E54EF91DAEBB8700B52CD5 /* Debug */ = {
			isa = XCBuildConfiguration;
			buildSettings = {
				ALWAYS_EMBED_SWIFT_STANDARD_LIBRARIES = YES;
				BUNDLE_LOADER = "$(TEST_HOST)";
				DEVELOPMENT_TEAM = UGH37EQ5FB;
				INFOPLIST_FILE = "Stars-RatingTests/Info.plist";
				LD_RUNPATH_SEARCH_PATHS = "$(inherited) @executable_path/Frameworks @loader_path/Frameworks";
				PRODUCT_BUNDLE_IDENTIFIER = "com.maribelmontejano.Stars-RatingTests";
				PRODUCT_NAME = "$(TARGET_NAME)";
				SWIFT_VERSION = 3.0;
				TEST_HOST = "$(BUILT_PRODUCTS_DIR)/Stars-Rating.app/Stars-Rating";
			};
			name = Debug;
		};
		16E54EFA1DAEBB8700B52CD5 /* Release */ = {
			isa = XCBuildConfiguration;
			buildSettings = {
				ALWAYS_EMBED_SWIFT_STANDARD_LIBRARIES = YES;
				BUNDLE_LOADER = "$(TEST_HOST)";
				DEVELOPMENT_TEAM = UGH37EQ5FB;
				INFOPLIST_FILE = "Stars-RatingTests/Info.plist";
				LD_RUNPATH_SEARCH_PATHS = "$(inherited) @executable_path/Frameworks @loader_path/Frameworks";
				PRODUCT_BUNDLE_IDENTIFIER = "com.maribelmontejano.Stars-RatingTests";
				PRODUCT_NAME = "$(TARGET_NAME)";
				SWIFT_VERSION = 3.0;
				TEST_HOST = "$(BUILT_PRODUCTS_DIR)/Stars-Rating.app/Stars-Rating";
			};
			name = Release;
		};
/* End XCBuildConfiguration section */

/* Begin XCConfigurationList section */
		16E54ED31DAEBB8600B52CD5 /* Build configuration list for PBXProject "Stars-Rating" */ = {
			isa = XCConfigurationList;
			buildConfigurations = (
				16E54EF31DAEBB8700B52CD5 /* Debug */,
				16E54EF41DAEBB8700B52CD5 /* Release */,
			);
			defaultConfigurationIsVisible = 0;
			defaultConfigurationName = Release;
		};
		16E54EF51DAEBB8700B52CD5 /* Build configuration list for PBXNativeTarget "Stars-Rating" */ = {
			isa = XCConfigurationList;
			buildConfigurations = (
				16E54EF61DAEBB8700B52CD5 /* Debug */,
				16E54EF71DAEBB8700B52CD5 /* Release */,
			);
			defaultConfigurationIsVisible = 0;
		};
		16E54EF81DAEBB8700B52CD5 /* Build configuration list for PBXNativeTarget "Stars-RatingTests" */ = {
			isa = XCConfigurationList;
			buildConfigurations = (
				16E54EF91DAEBB8700B52CD5 /* Debug */,
				16E54EFA1DAEBB8700B52CD5 /* Release */,
			);
			defaultConfigurationIsVisible = 0;
		};
/* End XCConfigurationList section */
	};
	rootObject = 16E54ED01DAEBB8600B52CD5 /* Project object */;
}
